
Microsoft Visual Studio Solution File, Format Version 12.00
# Visual Studio Version 17
VisualStudioVersion = 17.8.34322.80
MinimumVisualStudioVersion = 10.0.40219.1
Project("{FAE04EC0-301F-11D3-BF4B-00C04F79EFBC}") = "WFSeaBattleGame", "WFSeaBattleGame.csproj", "{75D27A5D-45FC-4956-9641-766D4D9A957D}"
EndProject
Global
	GlobalSection(SolutionConfigurationPlatforms) = preSolution
		Debug|Any CPU = Debug|Any CPU
		Release|Any CPU = Release|Any CPU
	EndGlobalSection
	GlobalSection(ProjectConfigurationPlatforms) = postSolution
		{75D27A5D-45FC-4956-9641-766D4D9A957D}.Debug|Any CPU.ActiveCfg = Debug|Any CPU
		{75D27A5D-45FC-4956-9641-766D4D9A957D}.Debug|Any CPU.Build.0 = Debug|Any CPU
		{75D27A5D-45FC-4956-9641-766D4D9A957D}.Release|Any CPU.ActiveCfg = Release|Any CPU
		{75D27A5D-45FC-4956-9641-766D4D9A957D}.Release|Any CPU.Build.0 = Release|Any CPU
	EndGlobalSection
	GlobalSection(SolutionProperties) = preSolution
		HideSolutionNode = FALSE
	EndGlobalSection
	GlobalSection(ExtensibilityGlobals) = postSolution
		SolutionGuid = {E0A7214A-A654-413D-A0C7-157BDD4BA85B}
	EndGlobalSection
EndGlobal
